
Microsoft Visual Studio Solution File, Format Version 12.00
# Visual Studio Version 16
VisualStudioVersion = 16.0.30011.22
MinimumVisualStudioVersion = 10.0.40219.1
Project("{FAE04EC0-301F-11D3-BF4B-00C04F79EFBC}") = "Habr.UI.Tests", "Habr.UI.Tests.csproj", "{B3A2426B-F646-4C40-BD30-8BBE07601553}"
EndProject
Global
	GlobalSection(SolutionConfigurationPlatforms) = preSolution
		Debug|Any CPU = Debug|Any CPU
		Release|Any CPU = Release|Any CPU
	EndGlobalSection
	GlobalSection(ProjectConfigurationPlatforms) = postSolution
		{B3A2426B-F646-4C40-BD30-8BBE07601553}.Debug|Any CPU.ActiveCfg = Debug|Any CPU
		{B3A2426B-F646-4C40-BD30-8BBE07601553}.Debug|Any CPU.Build.0 = Debug|Any CPU
		{B3A2426B-F646-4C40-BD30-8BBE07601553}.Release|Any CPU.ActiveCfg = Release|Any CPU
		{B3A2426B-F646-4C40-BD30-8BBE07601553}.Release|Any CPU.Build.0 = Release|Any CPU
	EndGlobalSection
	GlobalSection(SolutionProperties) = preSolution
		HideSolutionNode = FALSE
	EndGlobalSection
	GlobalSection(ExtensibilityGlobals) = postSolution
		SolutionGuid = {ED6250E9-511E-49D1-A68F-23C4736ED599}
	EndGlobalSection
EndGlobal
